
Microsoft Visual Studio Solution File, Format Version 12.00
Project("{FAE04EC0-301F-11D3-BF4B-00C04F79EFBC}") = "EcStoreTests", "EcStoreTests\EcStoreTests.csproj", "{C5B6C6D2-D5CD-4BAE-B9D6-04F131BD3032}"
EndProject
Project("{FAE04EC0-301F-11D3-BF4B-00C04F79EFBC}") = "EcStoreLib", "EcStoreLib\EcStoreLib.csproj", "{BC1B7920-8867-4B2E-8684-6E35440670CC}"
EndProject
Global
	GlobalSection(SolutionConfigurationPlatforms) = preSolution
		Debug|Any CPU = Debug|Any CPU
		Release|Any CPU = Release|Any CPU
	EndGlobalSection
	GlobalSection(ProjectConfigurationPlatforms) = postSolution
		{C5B6C6D2-D5CD-4BAE-B9D6-04F131BD3032}.Debug|Any CPU.ActiveCfg = Debug|Any CPU
		{C5B6C6D2-D5CD-4BAE-B9D6-04F131BD3032}.Debug|Any CPU.Build.0 = Debug|Any CPU
		{C5B6C6D2-D5CD-4BAE-B9D6-04F131BD3032}.Release|Any CPU.ActiveCfg = Release|Any CPU
		{C5B6C6D2-D5CD-4BAE-B9D6-04F131BD3032}.Release|Any CPU.Build.0 = Release|Any CPU
		{BC1B7920-8867-4B2E-8684-6E35440670CC}.Debug|Any CPU.ActiveCfg = Debug|Any CPU
		{BC1B7920-8867-4B2E-8684-6E35440670CC}.Debug|Any CPU.Build.0 = Debug|Any CPU
		{BC1B7920-8867-4B2E-8684-6E35440670CC}.Release|Any CPU.ActiveCfg = Release|Any CPU
		{BC1B7920-8867-4B2E-8684-6E35440670CC}.Release|Any CPU.Build.0 = Release|Any CPU
	EndGlobalSection
EndGlobal
